
Microsoft Visual Studio Solution File, Format Version 12.00
# Visual Studio Version 17
VisualStudioVersion = 17.0.31903.59
MinimumVisualStudioVersion = 10.0.40219.1
Project("{2150E333-8FDC-42A3-9474-1A3956D46DE8}") = "src", "src", "{29C91D37-EDBD-4767-9BD4-74C0BC46F306}"
EndProject
Project("{FAE04EC0-301F-11D3-BF4B-00C04F79EFBC}") = "AuctionService", "src\AuctionService\AuctionService.csproj", "{F80BEBAA-59AC-4A4F-A4B4-DF5FD6799A89}"
EndProject
Project("{FAE04EC0-301F-11D3-BF4B-00C04F79EFBC}") = "SearchService", "src\SearchService\SearchService.csproj", "{17E2B835-755B-4730-B9F4-958B63D6A966}"
EndProject
Project("{FAE04EC0-301F-11D3-BF4B-00C04F79EFBC}") = "Contracts", "src\Contracts\Contracts.csproj", "{14EF4E35-2FB7-4D45-A8EF-8BBADD11C9BB}"
EndProject
Project("{FAE04EC0-301F-11D3-BF4B-00C04F79EFBC}") = "IdentityService", "src\IdentityService\IdentityService.csproj", "{B1760120-4C7F-4FB0-8B8A-2C62FFB06638}"
EndProject
Project("{FAE04EC0-301F-11D3-BF4B-00C04F79EFBC}") = "GatewayService", "src\GatewayService\GatewayService.csproj", "{3BC48FF4-95FA-4EEA-84AB-B62B4B9329F4}"
EndProject
Project("{FAE04EC0-301F-11D3-BF4B-00C04F79EFBC}") = "BiddingService", "src\BiddingService\BiddingService.csproj", "{07DED13F-88A4-4910-8C55-2D3E097D1374}"
EndProject
Project("{FAE04EC0-301F-11D3-BF4B-00C04F79EFBC}") = "NotificationService", "src\NotificationService\NotificationService.csproj", "{3C9E9C73-CC45-4DBC-96C9-D5CA04EC6EA6}"
EndProject
Global
	GlobalSection(SolutionConfigurationPlatforms) = preSolution
		Debug|Any CPU = Debug|Any CPU
		Release|Any CPU = Release|Any CPU
	EndGlobalSection
	GlobalSection(SolutionProperties) = preSolution
		HideSolutionNode = FALSE
	EndGlobalSection
	GlobalSection(ProjectConfigurationPlatforms) = postSolution
		{F80BEBAA-59AC-4A4F-A4B4-DF5FD6799A89}.Debug|Any CPU.ActiveCfg = Debug|Any CPU
		{F80BEBAA-59AC-4A4F-A4B4-DF5FD6799A89}.Debug|Any CPU.Build.0 = Debug|Any CPU
		{F80BEBAA-59AC-4A4F-A4B4-DF5FD6799A89}.Release|Any CPU.ActiveCfg = Release|Any CPU
		{F80BEBAA-59AC-4A4F-A4B4-DF5FD6799A89}.Release|Any CPU.Build.0 = Release|Any CPU
		{17E2B835-755B-4730-B9F4-958B63D6A966}.Debug|Any CPU.ActiveCfg = Debug|Any CPU
		{17E2B835-755B-4730-B9F4-958B63D6A966}.Debug|Any CPU.Build.0 = Debug|Any CPU
		{17E2B835-755B-4730-B9F4-958B63D6A966}.Release|Any CPU.ActiveCfg = Release|Any CPU
		{17E2B835-755B-4730-B9F4-958B63D6A966}.Release|Any CPU.Build.0 = Release|Any CPU
		{14EF4E35-2FB7-4D45-A8EF-8BBADD11C9BB}.Debug|Any CPU.ActiveCfg = Debug|Any CPU
		{14EF4E35-2FB7-4D45-A8EF-8BBADD11C9BB}.Debug|Any CPU.Build.0 = Debug|Any CPU
		{14EF4E35-2FB7-4D45-A8EF-8BBADD11C9BB}.Release|Any CPU.ActiveCfg = Release|Any CPU
		{14EF4E35-2FB7-4D45-A8EF-8BBADD11C9BB}.Release|Any CPU.Build.0 = Release|Any CPU
		{B1760120-4C7F-4FB0-8B8A-2C62FFB06638}.Debug|Any CPU.ActiveCfg = Debug|Any CPU
		{B1760120-4C7F-4FB0-8B8A-2C62FFB06638}.Debug|Any CPU.Build.0 = Debug|Any CPU
		{B1760120-4C7F-4FB0-8B8A-2C62FFB06638}.Release|Any CPU.ActiveCfg = Release|Any CPU
		{B1760120-4C7F-4FB0-8B8A-2C62FFB06638}.Release|Any CPU.Build.0 = Release|Any CPU
		{3BC48FF4-95FA-4EEA-84AB-B62B4B9329F4}.Debug|Any CPU.ActiveCfg = Debug|Any CPU
		{3BC48FF4-95FA-4EEA-84AB-B62B4B9329F4}.Debug|Any CPU.Build.0 = Debug|Any CPU
		{3BC48FF4-95FA-4EEA-84AB-B62B4B9329F4}.Release|Any CPU.ActiveCfg = Release|Any CPU
		{3BC48FF4-95FA-4EEA-84AB-B62B4B9329F4}.Release|Any CPU.Build.0 = Release|Any CPU
		{07DED13F-88A4-4910-8C55-2D3E097D1374}.Debug|Any CPU.ActiveCfg = Debug|Any CPU
		{07DED13F-88A4-4910-8C55-2D3E097D1374}.Debug|Any CPU.Build.0 = Debug|Any CPU
		{07DED13F-88A4-4910-8C55-2D3E097D1374}.Release|Any CPU.ActiveCfg = Release|Any CPU
		{07DED13F-88A4-4910-8C55-2D3E097D1374}.Release|Any CPU.Build.0 = Release|Any CPU
		{3C9E9C73-CC45-4DBC-96C9-D5CA04EC6EA6}.Debug|Any CPU.ActiveCfg = Debug|Any CPU
		{3C9E9C73-CC45-4DBC-96C9-D5CA04EC6EA6}.Debug|Any CPU.Build.0 = Debug|Any CPU
		{3C9E9C73-CC45-4DBC-96C9-D5CA04EC6EA6}.Release|Any CPU.ActiveCfg = Release|Any CPU
		{3C9E9C73-CC45-4DBC-96C9-D5CA04EC6EA6}.Release|Any CPU.Build.0 = Release|Any CPU
	EndGlobalSection
	GlobalSection(NestedProjects) = preSolution
		{F80BEBAA-59AC-4A4F-A4B4-DF5FD6799A89} = {29C91D37-EDBD-4767-9BD4-74C0BC46F306}
		{17E2B835-755B-4730-B9F4-958B63D6A966} = {29C91D37-EDBD-4767-9BD4-74C0BC46F306}
		{14EF4E35-2FB7-4D45-A8EF-8BBADD11C9BB} = {29C91D37-EDBD-4767-9BD4-74C0BC46F306}
		{B1760120-4C7F-4FB0-8B8A-2C62FFB06638} = {29C91D37-EDBD-4767-9BD4-74C0BC46F306}
		{3BC48FF4-95FA-4EEA-84AB-B62B4B9329F4} = {29C91D37-EDBD-4767-9BD4-74C0BC46F306}
		{07DED13F-88A4-4910-8C55-2D3E097D1374} = {29C91D37-EDBD-4767-9BD4-74C0BC46F306}
		{3C9E9C73-CC45-4DBC-96C9-D5CA04EC6EA6} = {29C91D37-EDBD-4767-9BD4-74C0BC46F306}
	EndGlobalSection
EndGlobal
